
Microsoft Visual Studio Solution File, Format Version 12.00
Project("{FAE04EC0-301F-11D3-BF4B-00C04F79EFBC}") = "ClientCSharp", "ClientCSharp\ClientCSharp.csproj", "{414CAB7D-3A13-47CF-9079-2C4E90F42E56}"
EndProject
Global
	GlobalSection(SolutionConfigurationPlatforms) = preSolution
		Debug|Any CPU = Debug|Any CPU
		Release|Any CPU = Release|Any CPU
	EndGlobalSection
	GlobalSection(ProjectConfigurationPlatforms) = postSolution
		{414CAB7D-3A13-47CF-9079-2C4E90F42E56}.Debug|Any CPU.ActiveCfg = Debug|Any CPU
		{414CAB7D-3A13-47CF-9079-2C4E90F42E56}.Debug|Any CPU.Build.0 = Debug|Any CPU
		{414CAB7D-3A13-47CF-9079-2C4E90F42E56}.Release|Any CPU.ActiveCfg = Release|Any CPU
		{414CAB7D-3A13-47CF-9079-2C4E90F42E56}.Release|Any CPU.Build.0 = Release|Any CPU
	EndGlobalSection
EndGlobal
